<?xml version="1.0" encoding="UTF-8" standalone="yes" ?>
<CodeBlocks_project_file>
	<FileVersion major="1" minor="6" />
	<Project>
		<Option title="VEHABUS kernel module" />
		<Option makefile_is_custom="1" />
		<Option pch_mode="2" />
		<Option compiler="armelfgcc" />
		<Build>
			<Target title="Debug">
				<Option output="bin/Debug/mii_mv6165" prefix_auto="1" extension_auto="1" />
				<Option object_output="obj/Debug/" />
				<Option type="1" />
				<Option compiler="gcc" />
				<MakeCommands>
					<Build command="$make " />
					<CompileFile command="$make" />
					<Clean command="$make clean" />
					<DistClean command="make clean" />
					<AskRebuildNeeded command="$make " />
					<SilentBuild command="$make" />
				</MakeCommands>
			</Target>
		</Build>
		<Unit filename="Makefile" />
		<Unit filename="src/vehabus_drv.c">
			<Option compilerVar="CC" />
		</Unit>
		<Unit filename="src/vehabus_drv.h" />
		<Extensions>
			<envvars />
			<code_completion />
			<debugger />
			<lib_finder disable_auto="1" />
		</Extensions>
	</Project>
</CodeBlocks_project_file>
